
Microsoft Visual Studio Solution File, Format Version 12.00
# Visual Studio 15
VisualStudioVersion = 15.0.28010.0
MinimumVisualStudioVersion = 10.0.40219.1
Project("{FAE04EC0-301F-11D3-BF4B-00C04F79EFBC}") = "IndataCore2.0", "IndataCore2.0\IndataCore2.0.csproj", "{16BE8BF8-77C8-4F4C-A6C6-042FF5AC758D}"
EndProject
Global
	GlobalSection(SolutionConfigurationPlatforms) = preSolution
		Debug|Any CPU = Debug|Any CPU
		Release|Any CPU = Release|Any CPU
	EndGlobalSection
	GlobalSection(ProjectConfigurationPlatforms) = postSolution
		{16BE8BF8-77C8-4F4C-A6C6-042FF5AC758D}.Debug|Any CPU.ActiveCfg = Debug|Any CPU
		{16BE8BF8-77C8-4F4C-A6C6-042FF5AC758D}.Debug|Any CPU.Build.0 = Debug|Any CPU
		{16BE8BF8-77C8-4F4C-A6C6-042FF5AC758D}.Release|Any CPU.ActiveCfg = Release|Any CPU
		{16BE8BF8-77C8-4F4C-A6C6-042FF5AC758D}.Release|Any CPU.Build.0 = Release|Any CPU
	EndGlobalSection
	GlobalSection(SolutionProperties) = preSolution
		HideSolutionNode = FALSE
	EndGlobalSection
	GlobalSection(ExtensibilityGlobals) = postSolution
		SolutionGuid = {D99010AB-B0FA-40CB-8521-D605CDEA71F9}
	EndGlobalSection
EndGlobal
